<?xml version="1.0" encoding="utf-8"?>
<Project ToolsVersion="4.0" xmlns="http://schemas.microsoft.com/developer/msbuild/2003">
  <ItemGroup>
    <ClCompile Include="..\src\atmos.cpp">
      <Filter>atmos</Filter>
    </ClCompile>
    <ClCompile Include="..\src\deshi\src\deshi.cpp">
      <Filter>deshi\src</Filter>
    </ClCompile>
    <ClCompile Include="..\src\deshi\src\core\assets.cpp">
      <Filter>deshi\src\core</Filter>
    </ClCompile>
    <ClCompile Include="..\src\deshi\src\core\console.cpp">
      <Filter>deshi\src\core</Filter>
    </ClCompile>
    <ClCompile Include="..\src\deshi\src\core\console2.cpp">
      <Filter>deshi\src\core</Filter>
    </ClCompile>
    <ClCompile Include="..\src\deshi\src\core\storage.cpp">
      <Filter>deshi\src\core</Filter>
    </ClCompile>
    <ClCompile Include="..\src\deshi\src\core\ui.cpp">
      <Filter>deshi\src\core</Filter>
    </ClCompile>
    <ClCompile Include="..\src\deshi\src\core\window.cpp">
      <Filter>deshi\src\core</Filter>
    </ClCompile>
    <ClCompile Include="..\src\deshi\src\core\renderers\opengl.cpp">
      <Filter>deshi\src\core\renderers</Filter>
    </ClCompile>
    <ClCompile Include="..\src\deshi\src\core\renderers\vulkan.cpp">
      <Filter>deshi\src\core\renderers</Filter>
    </ClCompile>
    <ClCompile Include="..\src\deshi\src\external\imgui\imgui.cpp">
      <Filter>deshi\src\external\imgui</Filter>
    </ClCompile>
    <ClCompile Include="..\src\deshi\src\external\imgui\imgui_demo.cpp">
      <Filter>deshi\src\external\imgui</Filter>
    </ClCompile>
    <ClCompile Include="..\src\deshi\src\external\imgui\imgui_draw.cpp">
      <Filter>deshi\src\external\imgui</Filter>
    </ClCompile>
    <ClCompile Include="..\src\deshi\src\external\imgui\imgui_impl_glfw.cpp">
      <Filter>deshi\src\external\imgui</Filter>
    </ClCompile>
    <ClCompile Include="..\src\deshi\src\external\imgui\imgui_impl_vulkan.cpp">
      <Filter>deshi\src\external\imgui</Filter>
    </ClCompile>
    <ClCompile Include="..\src\deshi\src\external\imgui\imgui_tables.cpp">
      <Filter>deshi\src\external\imgui</Filter>
    </ClCompile>
    <ClCompile Include="..\src\deshi\src\external\imgui\imgui_widgets.cpp">
      <Filter>deshi\src\external\imgui</Filter>
    </ClCompile>
    <ClCompile Include="..\src\atmos\camerainstance.cpp">
      <Filter>atmos\game</Filter>
    </ClCompile>
    <ClCompile Include="..\src\atmos\controller.cpp">
      <Filter>atmos\game</Filter>
    </ClCompile>
    <ClCompile Include="..\src\atmos\Admin.cpp">
      <Filter>atmos\game</Filter>
    </ClCompile>
    <ClCompile Include="..\src\atmos\attributes\ModelInstance.cpp">
      <Filter>atmos\game\attributes</Filter>
    </ClCompile>
    <ClCompile Include="..\src\atmos\Editor.cpp">
      <Filter>atmos\game</Filter>
    </ClCompile>
  </ItemGroup>
  <ItemGroup>
    <Filter Include="atmos">
      <UniqueIdentifier>{81ec1624-1ded-4aac-8027-c9371ca50ade}</UniqueIdentifier>
    </Filter>
    <Filter Include="deshi">
      <UniqueIdentifier>{b89733a0-d44a-457b-83e0-44c91eab1d82}</UniqueIdentifier>
    </Filter>
    <Filter Include="deshi\cfg">
      <UniqueIdentifier>{72a5da17-2e0c-4f22-a0b7-f867bb61afa0}</UniqueIdentifier>
    </Filter>
    <Filter Include="deshi\docs">
      <UniqueIdentifier>{39ed5653-f956-41f6-bd46-6b109d47c545}</UniqueIdentifier>
    </Filter>
    <Filter Include="deshi\fonts">
      <UniqueIdentifier>{818e046b-e96f-4102-b98e-f9cd9bdafcc7}</UniqueIdentifier>
    </Filter>
    <Filter Include="deshi\misc">
      <UniqueIdentifier>{8fcf58ec-0987-41b6-a8b1-058ba8b25b6b}</UniqueIdentifier>
    </Filter>
    <Filter Include="deshi\shaders">
      <UniqueIdentifier>{5763aee6-c31a-4344-a402-b8f323aca125}</UniqueIdentifier>
    </Filter>
    <Filter Include="deshi\src">
      <UniqueIdentifier>{7d468133-41e7-498c-a946-ec857073cd5d}</UniqueIdentifier>
    </Filter>
    <Filter Include="deshi\src\core">
      <UniqueIdentifier>{984729cf-9bef-4b26-872e-09dee13f6d13}</UniqueIdentifier>
    </Filter>
    <Filter Include="deshi\src\core\renderers">
      <UniqueIdentifier>{518e4623-a607-4a07-ab38-ff7a5bfdf7c7}</UniqueIdentifier>
    </Filter>
    <Filter Include="deshi\src\geometry">
      <UniqueIdentifier>{8a9cbfb2-b25d-4de8-b323-1839abea24e1}</UniqueIdentifier>
    </Filter>
    <Filter Include="deshi\src\math">
      <UniqueIdentifier>{22f70688-eab1-411c-a2bd-31b0e52209f1}</UniqueIdentifier>
    </Filter>
    <Filter Include="deshi\src\utils">
      <UniqueIdentifier>{f150de88-048e-497b-a1f4-11c6c4062322}</UniqueIdentifier>
    </Filter>
    <Filter Include="deshi\src\external">
      <UniqueIdentifier>{4ef91ac7-e422-4f13-90bd-16fbb442a9de}</UniqueIdentifier>
    </Filter>
    <Filter Include="deshi\src\external\imgui">
      <UniqueIdentifier>{ce2b6ab7-f2ac-4f79-aba5-c28c4b13d6e5}</UniqueIdentifier>
    </Filter>
    <Filter Include="deshi\src\external\draudio">
      <UniqueIdentifier>{0af025ae-e630-4246-968c-e732842bb8c4}</UniqueIdentifier>
    </Filter>
    <Filter Include="deshi\src\external\saschawillems">
      <UniqueIdentifier>{13552046-6c38-42fd-86e2-b8f6f7225765}</UniqueIdentifier>
    </Filter>
    <Filter Include="deshi\src\external\tinyobjloader">
      <UniqueIdentifier>{3a761e98-c6ef-490d-a208-d02a7d475aa3}</UniqueIdentifier>
    </Filter>
    <Filter Include="atmos\game">
      <UniqueIdentifier>{71800a72-b690-46fd-b104-c8a779594c50}</UniqueIdentifier>
    </Filter>
    <Filter Include="atmos\game\entity">
      <UniqueIdentifier>{8f3c2a8b-ad4a-43f8-a282-725fdec4dcdd}</UniqueIdentifier>
    </Filter>
    <Filter Include="atmos\game\attributes">
      <UniqueIdentifier>{e4e79f47-d8c8-490f-af0c-3b2f82757c70}</UniqueIdentifier>
    </Filter>
  </ItemGroup>
  <ItemGroup>
    <None Include="..\src\deshi\cfg\aliases.cfg">
      <Filter>deshi\cfg</Filter>
    </None>
    <None Include="..\src\deshi\cfg\binds.cfg">
      <Filter>deshi\cfg</Filter>
    </None>
    <None Include="..\src\deshi\cfg\render.cfg">
      <Filter>deshi\cfg</Filter>
    </None>
    <None Include="..\src\deshi\.gitignore">
      <Filter>deshi\docs</Filter>
    </None>
    <None Include="..\src\deshi\README.md">
      <Filter>deshi\docs</Filter>
    </None>
    <None Include="..\src\deshi\misc\build.bat">
      <Filter>deshi\docs</Filter>
    </None>
    <None Include="..\src\deshi\data\fonts\gohufont-11.bdf">
      <Filter>deshi\fonts</Filter>
    </None>
    <None Include="..\src\deshi\data\fonts\gohufont.otb">
      <Filter>deshi\fonts</Filter>
    </None>
    <None Include="..\src\deshi\misc\TODOP.py">
      <Filter>deshi\misc</Filter>
    </None>
    <None Include="..\src\deshi\data\shaders\base.frag">
      <Filter>deshi\shaders</Filter>
    </None>
    <None Include="..\src\deshi\data\shaders\base.vert">
      <Filter>deshi\shaders</Filter>
    </None>
    <None Include="..\src\deshi\data\shaders\fixedimguishader.vert">
      <Filter>deshi\shaders</Filter>
    </None>
    <None Include="..\src\deshi\data\shaders\flat.frag">
      <Filter>deshi\shaders</Filter>
    </None>
    <None Include="..\src\deshi\data\shaders\flat.vert">
      <Filter>deshi\shaders</Filter>
    </None>
    <None Include="..\src\deshi\data\shaders\lavalamp.frag">
      <Filter>deshi\shaders</Filter>
    </None>
    <None Include="..\src\deshi\data\shaders\lavalamp.vert">
      <Filter>deshi\shaders</Filter>
    </None>
    <None Include="..\src\deshi\data\shaders\normaldebug.geom">
      <Filter>deshi\shaders</Filter>
    </None>
    <None Include="..\src\deshi\data\shaders\offscreen.vert">
      <Filter>deshi\shaders</Filter>
    </None>
    <None Include="..\src\deshi\data\shaders\pbr.frag">
      <Filter>deshi\shaders</Filter>
    </None>
    <None Include="..\src\deshi\data\shaders\pbr.vert">
      <Filter>deshi\shaders</Filter>
    </None>
    <None Include="..\src\deshi\data\shaders\phong.frag">
      <Filter>deshi\shaders</Filter>
    </None>
    <None Include="..\src\deshi\data\shaders\phong.vert">
      <Filter>deshi\shaders</Filter>
    </None>
    <None Include="..\src\deshi\data\shaders\shadowmapDEBUG.frag">
      <Filter>deshi\shaders</Filter>
    </None>
    <None Include="..\src\deshi\data\shaders\shadowmapDEBUG.vert">
      <Filter>deshi\shaders</Filter>
    </None>
    <None Include="..\src\deshi\data\shaders\testing0.frag">
      <Filter>deshi\shaders</Filter>
    </None>
    <None Include="..\src\deshi\data\shaders\testing0.vert">
      <Filter>deshi\shaders</Filter>
    </None>
    <None Include="..\src\deshi\data\shaders\testing1.frag">
      <Filter>deshi\shaders</Filter>
    </None>
    <None Include="..\src\deshi\data\shaders\testing1.vert">
      <Filter>deshi\shaders</Filter>
    </None>
    <None Include="..\src\deshi\data\shaders\twod.frag">
      <Filter>deshi\shaders</Filter>
    </None>
    <None Include="..\src\deshi\data\shaders\ui.frag">
      <Filter>deshi\shaders</Filter>
    </None>
    <None Include="..\src\deshi\data\shaders\ui.vert">
      <Filter>deshi\shaders</Filter>
    </None>
    <None Include="..\src\deshi\data\shaders\wireframe.frag">
      <Filter>deshi\shaders</Filter>
    </None>
    <None Include="..\src\deshi\data\shaders\wireframe.vert">
      <Filter>deshi\shaders</Filter>
    </None>
    <None Include="..\src\deshi\src\math\mat3.inl">
      <Filter>deshi\src\math</Filter>
    </None>
    <None Include="..\src\deshi\src\math\mat4.inl">
      <Filter>deshi\src\math</Filter>
    </None>
    <None Include="..\src\deshi\src\math\vec2.inl">
      <Filter>deshi\src\math</Filter>
    </None>
    <None Include="..\src\deshi\src\math\vec3.inl">
      <Filter>deshi\src\math</Filter>
    </None>
    <None Include="..\src\deshi\src\math\vec4.inl">
      <Filter>deshi\src\math</Filter>
    </None>
    <None Include="..\data\fonts\gohufont-11.bdf">
      <Filter>deshi\fonts</Filter>
    </None>
  </ItemGroup>
  <ItemGroup>
    <Text Include="..\src\deshi\cfg\keybinds.txt">
      <Filter>deshi\cfg</Filter>
    </Text>
  </ItemGroup>
  <ItemGroup>
    <Font Include="..\src\deshi\data\fonts\Paskowy.ttf">
      <Filter>deshi\fonts</Filter>
    </Font>
  </ItemGroup>
  <ItemGroup>
    <Natvis Include="..\src\deshi\misc\customvis.natvis">
      <Filter>deshi\misc</Filter>
    </Natvis>
  </ItemGroup>
  <ItemGroup>
    <ClInclude Include="..\src\deshi\src\defines.h">
      <Filter>deshi\src</Filter>
    </ClInclude>
    <ClInclude Include="..\src\deshi\src\deshi.h">
      <Filter>deshi\src</Filter>
    </ClInclude>
    <ClInclude Include="..\src\deshi\src\core\assets.h">
      <Filter>deshi\src\core</Filter>
    </ClInclude>
    <ClInclude Include="..\src\deshi\src\core\camera.h">
      <Filter>deshi\src\core</Filter>
    </ClInclude>
    <ClInclude Include="..\src\deshi\src\core\console.h">
      <Filter>deshi\src\core</Filter>
    </ClInclude>
    <ClInclude Include="..\src\deshi\src\core\console2.h">
      <Filter>deshi\src\core</Filter>
    </ClInclude>
    <ClInclude Include="..\src\deshi\src\core\imgui.h">
      <Filter>deshi\src\core</Filter>
    </ClInclude>
    <ClInclude Include="..\src\deshi\src\core\input.h">
      <Filter>deshi\src\core</Filter>
    </ClInclude>
    <ClInclude Include="..\src\deshi\src\core\model.h">
      <Filter>deshi\src\core</Filter>
    </ClInclude>
    <ClInclude Include="..\src\deshi\src\core\renderer.h">
      <Filter>deshi\src\core</Filter>
    </ClInclude>
    <ClInclude Include="..\src\deshi\src\core\storage.h">
      <Filter>deshi\src\core</Filter>
    </ClInclude>
    <ClInclude Include="..\src\deshi\src\core\time.h">
      <Filter>deshi\src\core</Filter>
    </ClInclude>
    <ClInclude Include="..\src\deshi\src\core\ui.h">
      <Filter>deshi\src\core</Filter>
    </ClInclude>
    <ClInclude Include="..\src\deshi\src\core\window.h">
      <Filter>deshi\src\core</Filter>
    </ClInclude>
    <ClInclude Include="..\src\deshi\src\geometry\Edge.h">
      <Filter>deshi\src\geometry</Filter>
    </ClInclude>
    <ClInclude Include="..\src\deshi\src\geometry\Geometry.h">
      <Filter>deshi\src\geometry</Filter>
    </ClInclude>
    <ClInclude Include="..\src\deshi\src\math\InertiaTensors.h">
      <Filter>deshi\src\math</Filter>
    </ClInclude>
    <ClInclude Include="..\src\deshi\src\math\mat.h">
      <Filter>deshi\src\math</Filter>
    </ClInclude>
    <ClInclude Include="..\src\deshi\src\math\Math.h">
      <Filter>deshi\src\math</Filter>
    </ClInclude>
    <ClInclude Include="..\src\deshi\src\math\matN.h">
      <Filter>deshi\src\math</Filter>
    </ClInclude>
    <ClInclude Include="..\src\deshi\src\math\Quaternion.h">
      <Filter>deshi\src\math</Filter>
    </ClInclude>
    <ClInclude Include="..\src\deshi\src\math\vec.h">
      <Filter>deshi\src\math</Filter>
    </ClInclude>
    <ClInclude Include="..\src\deshi\src\math\VectorMatrix.h">
      <Filter>deshi\src\math</Filter>
    </ClInclude>
    <ClInclude Include="..\src\deshi\src\utils\array.h">
      <Filter>deshi\src\utils</Filter>
    </ClInclude>
    <ClInclude Include="..\src\deshi\src\utils\Color.h">
      <Filter>deshi\src\utils</Filter>
    </ClInclude>
    <ClInclude Include="..\src\deshi\src\utils\Command.h">
      <Filter>deshi\src\utils</Filter>
    </ClInclude>
    <ClInclude Include="..\src\deshi\src\utils\ContainerManager.h">
      <Filter>deshi\src\utils</Filter>
    </ClInclude>
    <ClInclude Include="..\src\deshi\src\utils\Debug.h">
      <Filter>deshi\src\utils</Filter>
    </ClInclude>
    <ClInclude Include="..\src\deshi\src\utils\font.h">
      <Filter>deshi\src\utils</Filter>
    </ClInclude>
    <ClInclude Include="..\src\deshi\src\utils\hash.h">
      <Filter>deshi\src\utils</Filter>
    </ClInclude>
    <ClInclude Include="..\src\deshi\src\utils\map.h">
      <Filter>deshi\src\utils</Filter>
    </ClInclude>
    <ClInclude Include="..\src\deshi\src\utils\optional.h">
      <Filter>deshi\src\utils</Filter>
    </ClInclude>
    <ClInclude Include="..\src\deshi\src\utils\RingArray.h">
      <Filter>deshi\src\utils</Filter>
    </ClInclude>
    <ClInclude Include="..\src\deshi\src\utils\string.h">
      <Filter>deshi\src\utils</Filter>
    </ClInclude>
    <ClInclude Include="..\src\deshi\src\utils\tuple.h">
      <Filter>deshi\src\utils</Filter>
    </ClInclude>
    <ClInclude Include="..\src\deshi\src\utils\utils.h">
      <Filter>deshi\src\utils</Filter>
    </ClInclude>
    <ClInclude Include="..\src\deshi\src\utils\view.h">
      <Filter>deshi\src\utils</Filter>
    </ClInclude>
    <ClInclude Include="..\src\deshi\src\external\imgui\imconfig.h">
      <Filter>deshi\src\external\imgui</Filter>
    </ClInclude>
    <ClInclude Include="..\src\deshi\src\external\imgui\imgui.h">
      <Filter>deshi\src\external\imgui</Filter>
    </ClInclude>
    <ClInclude Include="..\src\deshi\src\external\imgui\imgui_impl_glfw.h">
      <Filter>deshi\src\external\imgui</Filter>
    </ClInclude>
    <ClInclude Include="..\src\deshi\src\external\imgui\imgui_impl_vulkan.h">
      <Filter>deshi\src\external\imgui</Filter>
    </ClInclude>
    <ClInclude Include="..\src\deshi\src\external\imgui\imgui_internal.h">
      <Filter>deshi\src\external\imgui</Filter>
    </ClInclude>
    <ClInclude Include="..\src\deshi\src\external\imgui\imstb_rectpack.h">
      <Filter>deshi\src\external\imgui</Filter>
    </ClInclude>
    <ClInclude Include="..\src\deshi\src\external\imgui\imstb_textedit.h">
      <Filter>deshi\src\external\imgui</Filter>
    </ClInclude>
    <ClInclude Include="..\src\deshi\src\external\imgui\imstb_truetype.h">
      <Filter>deshi\src\external\imgui</Filter>
    </ClInclude>
    <ClInclude Include="..\src\deshi\src\external\draudio\dr_flac.h">
      <Filter>deshi\src\external\draudio</Filter>
    </ClInclude>
    <ClInclude Include="..\src\deshi\src\external\draudio\dr_mp3.h">
      <Filter>deshi\src\external\draudio</Filter>
    </ClInclude>
    <ClInclude Include="..\src\deshi\src\external\draudio\dr_wav.h">
      <Filter>deshi\src\external\draudio</Filter>
    </ClInclude>
    <ClInclude Include="..\src\deshi\src\external\saschawillems\VulkanInitializers.hpp">
      <Filter>deshi\src\external\saschawillems</Filter>
    </ClInclude>
    <ClInclude Include="..\src\deshi\src\external\tinyobjloader\tiny_obj_loader.h">
      <Filter>deshi\src\external\tinyobjloader</Filter>
    </ClInclude>
    <ClInclude Include="..\src\deshi\deshi.h">
      <Filter>deshi\src</Filter>
    </ClInclude>
    <ClInclude Include="..\src\atmos\camerainstance.h">
      <Filter>atmos\game</Filter>
    </ClInclude>
    <ClInclude Include="..\src\atmos\controller.h">
      <Filter>atmos\game</Filter>
    </ClInclude>
    <ClInclude Include="..\src\atmos\keybinds.h">
      <Filter>atmos\game</Filter>
    </ClInclude>
    <ClInclude Include="..\src\atmos\Admin.h">
      <Filter>atmos\game</Filter>
    </ClInclude>
    <ClInclude Include="..\src\atmos\Transform.h">
      <Filter>atmos\game</Filter>
    </ClInclude>
    <ClInclude Include="..\src\atmos\attributes\Attribute.h">
      <Filter>atmos\game\attributes</Filter>
    </ClInclude>
    <ClInclude Include="..\src\atmos\entities\Entity.h">
      <Filter>atmos\game\entity</Filter>
    </ClInclude>
    <ClInclude Include="..\src\atmos\attributes\ModelInstance.h">
      <Filter>atmos\game\attributes</Filter>
    </ClInclude>
    <ClInclude Include="..\src\atmos\Editor.h">
      <Filter>atmos\game</Filter>
    </ClInclude>
  </ItemGroup>
</Project>