<?xml version="1.0" encoding="utf-8"?>
<Project ToolsVersion="4.0" xmlns="http://schemas.microsoft.com/developer/msbuild/2003">
  <ItemGroup>
    <Filter Include="src">
      <UniqueIdentifier>{f0764e4b-bd29-47d1-b780-2b53e4b2457e}</UniqueIdentifier>
    </Filter>
    <Filter Include="src\deshi">
      <UniqueIdentifier>{b89733a0-d44a-457b-83e0-44c91eab1d82}</UniqueIdentifier>
    </Filter>
    <Filter Include="extra">
      <UniqueIdentifier>{d20a13cd-b5f5-4797-820f-c74d5642387f}</UniqueIdentifier>
    </Filter>
    <Filter Include="extra\cfg">
      <UniqueIdentifier>{f7070f9f-e2ac-41f1-bab9-7c9a8f2c3d1f}</UniqueIdentifier>
    </Filter>
    <Filter Include="extra\misc">
      <UniqueIdentifier>{8b0fe405-e7c6-4bb3-82b0-2980b1ea6611}</UniqueIdentifier>
    </Filter>
    <Filter Include="extra\fonts">
      <UniqueIdentifier>{6384599a-bc52-43d1-a973-f509b32572dd}</UniqueIdentifier>
    </Filter>
    <Filter Include="extra\shaders">
      <UniqueIdentifier>{a7580d45-cec3-4ad3-baf4-226625d6a9ce}</UniqueIdentifier>
    </Filter>
    <Filter Include="src\deshi\core">
      <UniqueIdentifier>{d940dfa1-066b-40e6-92d4-cf94e6cf26a8}</UniqueIdentifier>
    </Filter>
    <Filter Include="src\deshi\external">
      <UniqueIdentifier>{423697fd-ba8e-46b1-a1ae-3ccbe02a4b69}</UniqueIdentifier>
    </Filter>
    <Filter Include="src\deshi\geometry">
      <UniqueIdentifier>{f4528fd7-dd72-4e42-8500-58b3d12aa8d5}</UniqueIdentifier>
    </Filter>
    <Filter Include="src\deshi\math">
      <UniqueIdentifier>{a85384fb-9d4b-44b2-916f-f391f518a058}</UniqueIdentifier>
    </Filter>
    <Filter Include="src\deshi\utils">
      <UniqueIdentifier>{937db92f-f916-4605-a5ba-9738c0d77fe3}</UniqueIdentifier>
    </Filter>
    <Filter Include="src\deshi\core\renderers">
      <UniqueIdentifier>{66fcb78f-7aa0-4505-8f2a-505a73067cf0}</UniqueIdentifier>
    </Filter>
    <Filter Include="src\deshi\external\draudio">
      <UniqueIdentifier>{c3aeefb7-587a-4de1-93bd-c34508173ebd}</UniqueIdentifier>
    </Filter>
    <Filter Include="src\deshi\external\imgui">
      <UniqueIdentifier>{d0d46a50-585f-490b-a282-43f5b26b8413}</UniqueIdentifier>
    </Filter>
    <Filter Include="src\deshi\external\stb">
      <UniqueIdentifier>{cb37e35b-33e2-4d3b-adfc-980763b53293}</UniqueIdentifier>
    </Filter>
    <Filter Include="src\atmos">
      <UniqueIdentifier>{81ec1624-1ded-4aac-8027-c9371ca50ade}</UniqueIdentifier>
    </Filter>
    <Filter Include="src\atmos\attributes">
      <UniqueIdentifier>{6e90cd36-bfcc-4e9f-9e48-7cefd582e0e7}</UniqueIdentifier>
    </Filter>
    <Filter Include="src\atmos\entities">
      <UniqueIdentifier>{31f312bc-962f-416c-9162-681f9a860304}</UniqueIdentifier>
    </Filter>
  </ItemGroup>
  <ItemGroup>
    <None Include="atmos.vcxproj">
      <Filter>extra\misc</Filter>
    </None>
    <None Include="build_delle.bat">
      <Filter>extra\misc</Filter>
    </None>
    <None Include="build_shaders.bat">
      <Filter>extra\misc</Filter>
    </None>
    <None Include="..\data\cfg\aliases.cfg">
      <Filter>extra\cfg</Filter>
    </None>
    <None Include="..\data\cfg\binds.cfg">
      <Filter>extra\cfg</Filter>
    </None>
    <None Include="..\data\cfg\imgui.ini">
      <Filter>extra\cfg</Filter>
    </None>
    <None Include="..\data\cfg\keybinds.cfg">
      <Filter>extra\cfg</Filter>
    </None>
    <None Include="..\data\cfg\render.cfg">
      <Filter>extra\cfg</Filter>
    </None>
    <None Include="..\data\fonts\gohufont-11.bdf">
      <Filter>extra\fonts</Filter>
    </None>
    <None Include="..\data\shaders\utils.glsl">
      <Filter>extra\shaders</Filter>
    </None>
    <None Include="..\data\shaders\wireframe.frag">
      <Filter>extra\shaders</Filter>
    </None>
    <None Include="..\data\shaders\base.frag">
      <Filter>extra\shaders</Filter>
    </None>
    <None Include="..\data\shaders\flat.frag">
      <Filter>extra\shaders</Filter>
    </None>
    <None Include="..\data\shaders\lavalamp.frag">
      <Filter>extra\shaders</Filter>
    </None>
    <None Include="..\data\shaders\nothing.frag">
      <Filter>extra\shaders</Filter>
    </None>
    <None Include="..\data\shaders\null.frag">
      <Filter>extra\shaders</Filter>
    </None>
    <None Include="..\data\shaders\pbr.frag">
      <Filter>extra\shaders</Filter>
    </None>
    <None Include="..\data\shaders\phong.frag">
      <Filter>extra\shaders</Filter>
    </None>
    <None Include="..\data\shaders\shadowmapDEBUG.frag">
      <Filter>extra\shaders</Filter>
    </None>
    <None Include="..\data\shaders\testing0.frag">
      <Filter>extra\shaders</Filter>
    </None>
    <None Include="..\data\shaders\testing1.frag">
      <Filter>extra\shaders</Filter>
    </None>
    <None Include="..\data\shaders\twod.frag">
      <Filter>extra\shaders</Filter>
    </None>
    <None Include="..\data\shaders\ui.frag">
      <Filter>extra\shaders</Filter>
    </None>
    <None Include="..\data\shaders\normaldebug.geom">
      <Filter>extra\shaders</Filter>
    </None>
    <None Include="..\data\shaders\base.vert">
      <Filter>extra\shaders</Filter>
    </None>
    <None Include="..\data\shaders\fixedimguishader.vert">
      <Filter>extra\shaders</Filter>
    </None>
    <None Include="..\data\shaders\flat.vert">
      <Filter>extra\shaders</Filter>
    </None>
    <None Include="..\data\shaders\lavalamp.vert">
      <Filter>extra\shaders</Filter>
    </None>
    <None Include="..\data\shaders\nothing.vert">
      <Filter>extra\shaders</Filter>
    </None>
    <None Include="..\data\shaders\null.vert">
      <Filter>extra\shaders</Filter>
    </None>
    <None Include="..\data\shaders\offscreen.vert">
      <Filter>extra\shaders</Filter>
    </None>
    <None Include="..\data\shaders\pbr.vert">
      <Filter>extra\shaders</Filter>
    </None>
    <None Include="..\data\shaders\phong.vert">
      <Filter>extra\shaders</Filter>
    </None>
    <None Include="..\data\shaders\shadowmapDEBUG.vert">
      <Filter>extra\shaders</Filter>
    </None>
    <None Include="..\data\shaders\testing0.vert">
      <Filter>extra\shaders</Filter>
    </None>
    <None Include="..\data\shaders\testing1.vert">
      <Filter>extra\shaders</Filter>
    </None>
    <None Include="..\data\shaders\twod.vert">
      <Filter>extra\shaders</Filter>
    </None>
    <None Include="..\data\shaders\ui.vert">
      <Filter>extra\shaders</Filter>
    </None>
    <None Include="..\data\shaders\wireframe.vert">
      <Filter>extra\shaders</Filter>
    </None>
    <None Include="..\deshi\src\math\mat3.inl">
      <Filter>src\deshi\math</Filter>
    </None>
    <None Include="..\deshi\src\math\mat4.inl">
      <Filter>src\deshi\math</Filter>
    </None>
    <None Include="..\deshi\src\math\vec2.inl">
      <Filter>src\deshi\math</Filter>
    </None>
    <None Include="..\deshi\src\math\vec3.inl">
      <Filter>src\deshi\math</Filter>
    </None>
    <None Include="..\deshi\src\math\vec4.inl">
      <Filter>src\deshi\math</Filter>
    </None>
    <None Include="..\.gitignore">
      <Filter>extra\misc</Filter>
    </None>
    <None Include="..\.gitmodules">
      <Filter>extra\misc</Filter>
    </None>
  </ItemGroup>
  <ItemGroup>
    <Natvis Include="customvis.natvis">
      <Filter>extra\misc</Filter>
    </Natvis>
  </ItemGroup>
  <ItemGroup>
    <ClCompile Include="..\deshi\src\core\renderers\opengl.cpp">
      <Filter>src\deshi\core\renderers</Filter>
    </ClCompile>
    <ClCompile Include="..\deshi\src\core\console2.cpp">
      <Filter>src\deshi\core</Filter>
    </ClCompile>
    <ClCompile Include="..\deshi\src\core\storage.cpp">
      <Filter>src\deshi\core</Filter>
    </ClCompile>
    <ClCompile Include="..\deshi\src\core\ui.cpp">
      <Filter>src\deshi\core</Filter>
    </ClCompile>
    <ClCompile Include="..\deshi\src\core\window.cpp">
      <Filter>src\deshi\core</Filter>
    </ClCompile>
    <ClCompile Include="..\deshi\src\core\assets.cpp">
      <Filter>src\deshi\core</Filter>
    </ClCompile>
    <ClCompile Include="..\deshi\src\core\console.cpp">
      <Filter>src\deshi\core</Filter>
    </ClCompile>
    <ClCompile Include="..\deshi\src\core\renderers\vulkan.cpp">
      <Filter>src\deshi\core\renderers</Filter>
    </ClCompile>
    <ClCompile Include="..\deshi\src\external\imgui\imgui_impl_glfw.cpp">
      <Filter>src\deshi\external\imgui</Filter>
    </ClCompile>
    <ClCompile Include="..\deshi\src\external\imgui\imgui_impl_vulkan.cpp">
      <Filter>src\deshi\external\imgui</Filter>
    </ClCompile>
    <ClCompile Include="..\deshi\src\external\imgui\imgui_tables.cpp">
      <Filter>src\deshi\external\imgui</Filter>
    </ClCompile>
    <ClCompile Include="..\deshi\src\external\imgui\imgui_widgets.cpp">
      <Filter>src\deshi\external\imgui</Filter>
    </ClCompile>
    <ClCompile Include="..\deshi\src\external\imgui\imgui.cpp">
      <Filter>src\deshi\external\imgui</Filter>
    </ClCompile>
    <ClCompile Include="..\deshi\src\external\imgui\imgui_demo.cpp">
      <Filter>src\deshi\external\imgui</Filter>
    </ClCompile>
    <ClCompile Include="..\deshi\src\external\imgui\imgui_draw.cpp">
      <Filter>src\deshi\external\imgui</Filter>
    </ClCompile>
    <ClCompile Include="..\deshi\src\deshi.cpp">
      <Filter>src\deshi</Filter>
    </ClCompile>
    <ClCompile Include="..\src\attributes\ModelInstance.cpp">
      <Filter>src\atmos\attributes</Filter>
    </ClCompile>
    <ClCompile Include="..\src\Admin.cpp">
      <Filter>src\atmos</Filter>
    </ClCompile>
    <ClCompile Include="..\src\atmos.cpp">
      <Filter>src\atmos</Filter>
    </ClCompile>
    <ClCompile Include="..\src\camerainstance.cpp">
      <Filter>src\atmos</Filter>
    </ClCompile>
    <ClCompile Include="..\src\controller.cpp">
      <Filter>src\atmos</Filter>
    </ClCompile>
    <ClCompile Include="..\src\Editor.cpp">
      <Filter>src\atmos</Filter>
    </ClCompile>
    <ClCompile Include="..\deshi\src\core\commands.cpp">
      <Filter>src\deshi\core</Filter>
    </ClCompile>
    <ClCompile Include="..\deshi\src\core\renderers\directx.cpp">
      <Filter>src\deshi\core\renderers</Filter>
    </ClCompile>
  </ItemGroup>
  <ItemGroup>
    <ClInclude Include="..\deshi\src\core\console2.h">
      <Filter>src\deshi\core</Filter>
    </ClInclude>
    <ClInclude Include="..\deshi\src\core\imgui.h">
      <Filter>src\deshi\core</Filter>
    </ClInclude>
    <ClInclude Include="..\deshi\src\core\input.h">
      <Filter>src\deshi\core</Filter>
    </ClInclude>
    <ClInclude Include="..\deshi\src\core\model.h">
      <Filter>src\deshi\core</Filter>
    </ClInclude>
    <ClInclude Include="..\deshi\src\core\renderer.h">
      <Filter>src\deshi\core</Filter>
    </ClInclude>
    <ClInclude Include="..\deshi\src\core\storage.h">
      <Filter>src\deshi\core</Filter>
    </ClInclude>
    <ClInclude Include="..\deshi\src\core\time.h">
      <Filter>src\deshi\core</Filter>
    </ClInclude>
    <ClInclude Include="..\deshi\src\core\ui.h">
      <Filter>src\deshi\core</Filter>
    </ClInclude>
    <ClInclude Include="..\deshi\src\core\window.h">
      <Filter>src\deshi\core</Filter>
    </ClInclude>
    <ClInclude Include="..\deshi\src\core\armature.h">
      <Filter>src\deshi\core</Filter>
    </ClInclude>
    <ClInclude Include="..\deshi\src\core\assets.h">
      <Filter>src\deshi\core</Filter>
    </ClInclude>
    <ClInclude Include="..\deshi\src\core\camera.h">
      <Filter>src\deshi\core</Filter>
    </ClInclude>
    <ClInclude Include="..\deshi\src\core\console.h">
      <Filter>src\deshi\core</Filter>
    </ClInclude>
    <ClInclude Include="..\deshi\src\external\draudio\dr_flac.h">
      <Filter>src\deshi\external\draudio</Filter>
    </ClInclude>
    <ClInclude Include="..\deshi\src\external\draudio\dr_mp3.h">
      <Filter>src\deshi\external\draudio</Filter>
    </ClInclude>
    <ClInclude Include="..\deshi\src\external\draudio\dr_wav.h">
      <Filter>src\deshi\external\draudio</Filter>
    </ClInclude>
    <ClInclude Include="..\deshi\src\external\imgui\imgui_impl_glfw.h">
      <Filter>src\deshi\external\imgui</Filter>
    </ClInclude>
    <ClInclude Include="..\deshi\src\external\imgui\imgui_impl_vulkan.h">
      <Filter>src\deshi\external\imgui</Filter>
    </ClInclude>
    <ClInclude Include="..\deshi\src\external\imgui\imgui_internal.h">
      <Filter>src\deshi\external\imgui</Filter>
    </ClInclude>
    <ClInclude Include="..\deshi\src\external\imgui\imstb_rectpack.h">
      <Filter>src\deshi\external\imgui</Filter>
    </ClInclude>
    <ClInclude Include="..\deshi\src\external\imgui\imstb_textedit.h">
      <Filter>src\deshi\external\imgui</Filter>
    </ClInclude>
    <ClInclude Include="..\deshi\src\external\imgui\imstb_truetype.h">
      <Filter>src\deshi\external\imgui</Filter>
    </ClInclude>
    <ClInclude Include="..\deshi\src\external\imgui\imconfig.h">
      <Filter>src\deshi\external\imgui</Filter>
    </ClInclude>
    <ClInclude Include="..\deshi\src\external\imgui\imgui.h">
      <Filter>src\deshi\external\imgui</Filter>
    </ClInclude>
    <ClInclude Include="..\deshi\src\external\stb\stb_image.h">
      <Filter>src\deshi\external\stb</Filter>
    </ClInclude>
    <ClInclude Include="..\deshi\src\geometry\Edge.h">
      <Filter>src\deshi\geometry</Filter>
    </ClInclude>
    <ClInclude Include="..\deshi\src\geometry\Geometry.h">
      <Filter>src\deshi\geometry</Filter>
    </ClInclude>
    <ClInclude Include="..\deshi\src\math\InertiaTensors.h">
      <Filter>src\deshi\math</Filter>
    </ClInclude>
    <ClInclude Include="..\deshi\src\math\Math.h">
      <Filter>src\deshi\math</Filter>
    </ClInclude>
    <ClInclude Include="..\deshi\src\math\matN.h">
      <Filter>src\deshi\math</Filter>
    </ClInclude>
    <ClInclude Include="..\deshi\src\math\matrix.h">
      <Filter>src\deshi\math</Filter>
    </ClInclude>
    <ClInclude Include="..\deshi\src\math\Quaternion.h">
      <Filter>src\deshi\math</Filter>
    </ClInclude>
    <ClInclude Include="..\deshi\src\math\vector.h">
      <Filter>src\deshi\math</Filter>
    </ClInclude>
    <ClInclude Include="..\deshi\src\math\VectorMatrix.h">
      <Filter>src\deshi\math</Filter>
    </ClInclude>
    <ClInclude Include="..\deshi\src\utils\array.h">
      <Filter>src\deshi\utils</Filter>
    </ClInclude>
    <ClInclude Include="..\deshi\src\utils\Color.h">
      <Filter>src\deshi\utils</Filter>
    </ClInclude>
    <ClInclude Include="..\deshi\src\utils\Command.h">
      <Filter>src\deshi\utils</Filter>
    </ClInclude>
    <ClInclude Include="..\deshi\src\utils\Debug.h">
      <Filter>src\deshi\utils</Filter>
    </ClInclude>
    <ClInclude Include="..\deshi\src\utils\hash.h">
      <Filter>src\deshi\utils</Filter>
    </ClInclude>
    <ClInclude Include="..\deshi\src\utils\map.h">
      <Filter>src\deshi\utils</Filter>
    </ClInclude>
    <ClInclude Include="..\deshi\src\utils\optional.h">
      <Filter>src\deshi\utils</Filter>
    </ClInclude>
    <ClInclude Include="..\deshi\src\utils\string.h">
      <Filter>src\deshi\utils</Filter>
    </ClInclude>
    <ClInclude Include="..\deshi\src\utils\tuple.h">
      <Filter>src\deshi\utils</Filter>
    </ClInclude>
    <ClInclude Include="..\deshi\src\utils\utils.h">
      <Filter>src\deshi\utils</Filter>
    </ClInclude>
    <ClInclude Include="..\deshi\src\utils\view.h">
      <Filter>src\deshi\utils</Filter>
    </ClInclude>
    <ClInclude Include="..\deshi\src\defines.h">
      <Filter>src\deshi</Filter>
    </ClInclude>
    <ClInclude Include="..\deshi\src\deshi.h">
      <Filter>src\deshi</Filter>
    </ClInclude>
    <ClInclude Include="..\src\attributes\Attribute.h">
      <Filter>src\atmos\attributes</Filter>
    </ClInclude>
    <ClInclude Include="..\src\attributes\ModelInstance.h">
      <Filter>src\atmos\attributes</Filter>
    </ClInclude>
    <ClInclude Include="..\src\entities\Entity.h">
      <Filter>src\atmos\entities</Filter>
    </ClInclude>
    <ClInclude Include="..\src\Admin.h">
      <Filter>src\atmos</Filter>
    </ClInclude>
    <ClInclude Include="..\src\camerainstance.h">
      <Filter>src\atmos</Filter>
    </ClInclude>
    <ClInclude Include="..\src\controller.h">
      <Filter>src\atmos</Filter>
    </ClInclude>
    <ClInclude Include="..\src\Editor.h">
      <Filter>src\atmos</Filter>
    </ClInclude>
    <ClInclude Include="..\deshi\src\utils\container_manager.h">
      <Filter>src\deshi\utils</Filter>
    </ClInclude>
    <ClInclude Include="..\deshi\src\utils\ring_array.h">
      <Filter>src\deshi\utils</Filter>
    </ClInclude>
    <ClInclude Include="..\deshi\src\core\commands.h">
      <Filter>src\deshi\core</Filter>
    </ClInclude>
    <ClInclude Include="..\deshi\src\core\font.h">
      <Filter>src\deshi\core</Filter>
    </ClInclude>
    <ClInclude Include="..\deshi\src\core\memory.h">
      <Filter>src\deshi\core</Filter>
    </ClInclude>
  </ItemGroup>
  <ItemGroup>
    <Text Include="..\vk_layer_settings.txt">
      <Filter>extra\misc</Filter>
    </Text>
  </ItemGroup>
</Project>